// !$*UTF8*$!
{
	archiveVersion = 1;
	classes = {
	};
	objectVersion = 50;
	objects = {

/* Begin PBXBuildFile section */
		EB022F3823824D2F001F34AB /* AppDelegate.swift in Sources */ = {isa = PBXBuildFile; fileRef = EB022F3723824D2F001F34AB /* AppDelegate.swift */; };
		EB022F3D23824D2F001F34AB /* Main.storyboard in Resources */ = {isa = PBXBuildFile; fileRef = EB022F3B23824D2F001F34AB /* Main.storyboard */; };
		EB022F3F23824D47001F34AB /* Assets.xcassets in Resources */ = {isa = PBXBuildFile; fileRef = EB022F3E23824D47001F34AB /* Assets.xcassets */; };
		EB022F4223824D47001F34AB /* LaunchScreen.storyboard in Resources */ = {isa = PBXBuildFile; fileRef = EB022F4023824D47001F34AB /* LaunchScreen.storyboard */; };
		EB022F4A23825263001F34AB /* musicPlaylistTableViewController.swift in Sources */ = {isa = PBXBuildFile; fileRef = EB022F4923825263001F34AB /* musicPlaylistTableViewController.swift */; };
/* End PBXBuildFile section */

/* Begin PBXFileReference section */
		EB022F3423824D2E001F34AB /* GroupD_MAD3115_GP.app */ = {isa = PBXFileReference; explicitFileType = wrapper.application; includeInIndex = 0; path = GroupD_MAD3115_GP.app; sourceTree = BUILT_PRODUCTS_DIR; };
		EB022F3723824D2F001F34AB /* AppDelegate.swift */ = {isa = PBXFileReference; lastKnownFileType = sourcecode.swift; path = AppDelegate.swift; sourceTree = "<group>"; };
		EB022F3C23824D2F001F34AB /* Base */ = {isa = PBXFileReference; lastKnownFileType = file.storyboard; name = Base; path = Base.lproj/Main.storyboard; sourceTree = "<group>"; };
		EB022F3E23824D47001F34AB /* Assets.xcassets */ = {isa = PBXFileReference; lastKnownFileType = folder.assetcatalog; path = Assets.xcassets; sourceTree = "<group>"; };
		EB022F4123824D47001F34AB /* Base */ = {isa = PBXFileReference; lastKnownFileType = file.storyboard; name = Base; path = Base.lproj/LaunchScreen.storyboard; sourceTree = "<group>"; };
		EB022F4323824D47001F34AB /* Info.plist */ = {isa = PBXFileReference; lastKnownFileType = text.plist.xml; path = Info.plist; sourceTree = "<group>"; };
		EB022F4923825263001F34AB /* musicPlaylistTableViewController.swift */ = {isa = PBXFileReference; lastKnownFileType = sourcecode.swift; path = musicPlaylistTableViewController.swift; sourceTree = "<group>"; };
/* End PBXFileReference section */

/* Begin PBXFrameworksBuildPhase section */
		EB022F3123824D2E001F34AB /* Frameworks */ = {
			isa = PBXFrameworksBuildPhase;
			buildActionMask = 2147483647;
			files = (
			);
			runOnlyForDeploymentPostprocessing = 0;
		};
/* End PBXFrameworksBuildPhase section */

/* Begin PBXGroup section */
		EB022F2B23824D2E001F34AB = {
			isa = PBXGroup;
			children = (
				EB022F3623824D2E001F34AB /* GroupD_MAD3115_GP */,
				EB022F3523824D2E001F34AB /* Products */,
			);
			sourceTree = "<group>";
		};
		EB022F3523824D2E001F34AB /* Products */ = {
			isa = PBXGroup;
			children = (
				EB022F3423824D2E001F34AB /* GroupD_MAD3115_GP.app */,
			);
			name = Products;
			sourceTree = "<group>";
		};
		EB022F3623824D2E001F34AB /* GroupD_MAD3115_GP */ = {
			isa = PBXGroup;
			children = (
				EB022F3723824D2F001F34AB /* AppDelegate.swift */,
				EB022F3B23824D2F001F34AB /* Main.storyboard */,
				EB022F4923825263001F34AB /* musicPlaylistTableViewController.swift */,
				EB022F3E23824D47001F34AB /* Assets.xcassets */,
				EB022F4023824D47001F34AB /* LaunchScreen.storyboard */,
				EB022F4323824D47001F34AB /* Info.plist */,
			);
			path = GroupD_MAD3115_GP;
			sourceTree = "<group>";
		};
/* End PBXGroup section */

/* Begin PBXNativeTarget section */
		EB022F3323824D2E001F34AB /* GroupD_MAD3115_GP */ = {
			isa = PBXNativeTarget;
			buildConfigurationList = EB022F4623824D47001F34AB /* Build configuration list for PBXNativeTarget "GroupD_MAD3115_GP" */;
			buildPhases = (
				EB022F3023824D2E001F34AB /* Sources */,
				EB022F3123824D2E001F34AB /* Frameworks */,
				EB022F3223824D2E001F34AB /* Resources */,
			);
			buildRules = (
			);
			dependencies = (
			);
			name = GroupD_MAD3115_GP;
			productName = GroupD_MAD3115_GP;
			productReference = EB022F3423824D2E001F34AB /* GroupD_MAD3115_GP.app */;
			productType = "com.apple.product-type.application";
		};
/* End PBXNativeTarget section */

/* Begin PBXProject section */
		EB022F2C23824D2E001F34AB /* Project object */ = {
			isa = PBXProject;
			attributes = {
				LastSwiftUpdateCheck = 1000;
				LastUpgradeCheck = 1000;
				ORGANIZATIONNAME = SandeepAppDev;
				TargetAttributes = {
					EB022F3323824D2E001F34AB = {
						CreatedOnToolsVersion = 10.0;
					};
				};
			};
			buildConfigurationList = EB022F2F23824D2E001F34AB /* Build configuration list for PBXProject "GroupD_MAD3115_GP" */;
			compatibilityVersion = "Xcode 9.3";
			developmentRegion = en;
			hasScannedForEncodings = 0;
			knownRegions = (
				en,
				Base,
			);
			mainGroup = EB022F2B23824D2E001F34AB;
			productRefGroup = EB022F3523824D2E001F34AB /* Products */;
			projectDirPath = "";
			projectRoot = "";
			targets = (
				EB022F3323824D2E001F34AB /* GroupD_MAD3115_GP */,
			);
		};
/* End PBXProject section */

/* Begin PBXResourcesBuildPhase section */
		EB022F3223824D2E001F34AB /* Resources */ = {
			isa = PBXResourcesBuildPhase;
			buildActionMask = 2147483647;
			files = (
				EB022F4223824D47001F34AB /* LaunchScreen.storyboard in Resources */,
				EB022F3F23824D47001F34AB /* Assets.xcassets in Resources */,
				EB022F3D23824D2F001F34AB /* Main.storyboard in Resources */,
			);
			runOnlyForDeploymentPostprocessing = 0;
		};
/* End PBXResourcesBuildPhase section */

/* Begin PBXSourcesBuildPhase section */
		EB022F3023824D2E001F34AB /* Sources */ = {
			isa = PBXSourcesBuildPhase;
			buildActionMask = 2147483647;
			files = (
				EB022F3823824D2F001F34AB /* AppDelegate.swift in Sources */,
				EB022F4A23825263001F34AB /* musicPlaylistTableViewController.swift in Sources */,
			);
			runOnlyForDeploymentPostprocessing = 0;
		};
/* End PBXSourcesBuildPhase section */

/* Begin PBXVariantGroup section */
		EB022F3B23824D2F001F34AB /* Main.storyboard */ = {
			isa = PBXVariantGroup;
			children = (
				EB022F3C23824D2F001F34AB /* Base */,
			);
			name = Main.storyboard;
			sourceTree = "<group>";
		};
		EB022F4023824D47001F34AB /* LaunchScreen.storyboard */ = {
			isa = PBXVariantGroup;
			children = (
				EB022F4123824D47001F34AB /* Base */,
			);
			name = LaunchScreen.storyboard;
			sourceTree = "<group>";
		};
/* End PBXVariantGroup section */

/* Begin XCBuildConfiguration section */
		EB022F4423824D47001F34AB /* Debug */ = {
			isa = XCBuildConfiguration;
			buildSettings = {
				ALWAYS_SEARCH_USER_PATHS = NO;
				CLANG_ANALYZER_NONNULL = YES;
				CLANG_ANALYZER_NUMBER_OBJECT_CONVERSION = YES_AGGRESSIVE;
				CLANG_CXX_LANGUAGE_STANDARD = "gnu++14";
				CLANG_CXX_LIBRARY = "libc++";
				CLANG_ENABLE_MODULES = YES;
				CLANG_ENABLE_OBJC_ARC = YES;
				CLANG_ENABLE_OBJC_WEAK = YES;
				CLANG_WARN_BLOCK_CAPTURE_AUTORELEASING = YES;
				CLANG_WARN_BOOL_CONVERSION = YES;
				CLANG_WARN_COMMA = YES;
				CLANG_WARN_CONSTANT_CONVERSION = YES;
				CLANG_WARN_DEPRECATED_OBJC_IMPLEMENTATIONS = YES;
				CLANG_WARN_DIRECT_OBJC_ISA_USAGE = YES_ERROR;
				CLANG_WARN_DOCUMENTATION_COMMENTS = YES;
				CLANG_WARN_EMPTY_BODY = YES;
				CLANG_WARN_ENUM_CONVERSION = YES;
				CLANG_WARN_INFINITE_RECURSION = YES;
				CLANG_WARN_INT_CONVERSION = YES;
				CLANG_WARN_NON_LITERAL_NULL_CONVERSION = YES;
				CLANG_WARN_OBJC_IMPLICIT_RETAIN_SELF = YES;
				CLANG_WARN_OBJC_LITERAL_CONVERSION = YES;
				CLANG_WARN_OBJC_ROOT_CLASS = YES_ERROR;
				CLANG_WARN_RANGE_LOOP_ANALYSIS = YES;
				CLANG_WARN_STRICT_PROTOTYPES = YES;
				CLANG_WARN_SUSPICIOUS_MOVE = YES;
				CLANG_WARN_UNGUARDED_AVAILABILITY = YES_AGGRESSIVE;
				CLANG_WARN_UNREACHABLE_CODE = YES;
				CLANG_WARN__DUPLICATE_METHOD_MATCH = YES;
				CODE_SIGN_IDENTITY = "iPhone Developer";
				COPY_PHASE_STRIP = NO;
				DEBUG_INFORMATION_FORMAT = dwarf;
				ENABLE_STRICT_OBJC_MSGSEND = YES;
				ENABLE_TESTABILITY = YES;
				GCC_C_LANGUAGE_STANDARD = gnu11;
				GCC_DYNAMIC_NO_PIC = NO;
				GCC_NO_COMMON_BLOCKS = YES;
				GCC_OPTIMIZATION_LEVEL = 0;
				GCC_PREPROCESSOR_DEFINITIONS = (
					"DEBUG=1",
					"$(inherited)",
				);
				GCC_WARN_64_TO_32_BIT_CONVERSION = YES;
				GCC_WARN_ABOUT_RETURN_TYPE = YES_ERROR;
				GCC_WARN_UNDECLARED_SELECTOR = YES;
				GCC_WARN_UNINITIALIZED_AUTOS = YES_AGGRESSIVE;
				GCC_WARN_UNUSED_FUNCTION = YES;
				GCC_WARN_UNUSED_VARIABLE = YES;
				IPHONEOS_DEPLOYMENT_TARGET = 12.0;
				MTL_ENABLE_DEBUG_INFO = INCLUDE_SOURCE;
				MTL_FAST_MATH = YES;
				ONLY_ACTIVE_ARCH = YES;
				SDKROOT = iphoneos;
				SWIFT_ACTIVE_COMPILATION_CONDITIONS = DEBUG;
				SWIFT_OPTIMIZATION_LEVEL = "-Onone";
			};
			name = Debug;
		};
		EB022F4523824D47001F34AB /* Release */ = {
			isa = XCBuildConfiguration;
			buildSettings = {
				ALWAYS_SEARCH_USER_PATHS = NO;
				CLANG_ANALYZER_NONNULL = YES;
				CLANG_ANALYZER_NUMBER_OBJECT_CONVERSION = YES_AGGRESSIVE;
				CLANG_CXX_LANGUAGE_STANDARD = "gnu++14";
				CLANG_CXX_LIBRARY = "libc++";
				CLANG_ENABLE_MODULES = YES;
				CLANG_ENABLE_OBJC_ARC = YES;
				CLANG_ENABLE_OBJC_WEAK = YES;
				CLANG_WARN_BLOCK_CAPTURE_AUTORELEASING = YES;
				CLANG_WARN_BOOL_CONVERSION = YES;
				CLANG_WARN_COMMA = YES;
				CLANG_WARN_CONSTANT_CONVERSION = YES;
				CLANG_WARN_DEPRECATED_OBJC_IMPLEMENTATIONS = YES;
				CLANG_WARN_DIRECT_OBJC_ISA_USAGE = YES_ERROR;
				CLANG_WARN_DOCUMENTATION_COMMENTS = YES;
				CLANG_WARN_EMPTY_BODY = YES;
				CLANG_WARN_ENUM_CONVERSION = YES;
				CLANG_WARN_INFINITE_RECURSION = YES;
				CLANG_WARN_INT_CONVERSION = YES;
				CLANG_WARN_NON_LITERAL_NULL_CONVERSION = YES;
				CLANG_WARN_OBJC_IMPLICIT_RETAIN_SELF = YES;
				CLANG_WARN_OBJC_LITERAL_CONVERSION = YES;
				CLANG_WARN_OBJC_ROOT_CLASS = YES_ERROR;
				CLANG_WARN_RANGE_LOOP_ANALYSIS = YES;
				CLANG_WARN_STRICT_PROTOTYPES = YES;
				CLANG_WARN_SUSPICIOUS_MOVE = YES;
				CLANG_WARN_UNGUARDED_AVAILABILITY = YES_AGGRESSIVE;
				CLANG_WARN_UNREACHABLE_CODE = YES;
				CLANG_WARN__DUPLICATE_METHOD_MATCH = YES;
				CODE_SIGN_IDENTITY = "iPhone Developer";
				COPY_PHASE_STRIP = NO;
				DEBUG_INFORMATION_FORMAT = "dwarf-with-dsym";
				ENABLE_NS_ASSERTIONS = NO;
				ENABLE_STRICT_OBJC_MSGSEND = YES;
				GCC_C_LANGUAGE_STANDARD = gnu11;
				GCC_NO_COMMON_BLOCKS = YES;
				GCC_WARN_64_TO_32_BIT_CONVERSION = YES;
				GCC_WARN_ABOUT_RETURN_TYPE = YES_ERROR;
				GCC_WARN_UNDECLARED_SELECTOR = YES;
				GCC_WARN_UNINITIALIZED_AUTOS = YES_AGGRESSIVE;
				GCC_WARN_UNUSED_FUNCTION = YES;
				GCC_WARN_UNUSED_VARIABLE = YES;
				IPHONEOS_DEPLOYMENT_TARGET = 12.0;
				MTL_ENABLE_DEBUG_INFO = NO;
				MTL_FAST_MATH = YES;
				SDKROOT = iphoneos;
				SWIFT_COMPILATION_MODE = wholemodule;
				SWIFT_OPTIMIZATION_LEVEL = "-O";
				VALIDATE_PRODUCT = YES;
			};
			name = Release;
		};
		EB022F4723824D47001F34AB /* Debug */ = {
			isa = XCBuildConfiguration;
			buildSettings = {
				ASSETCATALOG_COMPILER_APPICON_NAME = AppIcon;
				CODE_SIGN_STYLE = Automatic;
				DEVELOPMENT_TEAM = 2CXF6A3LCD;
				INFOPLIST_FILE = GroupD_MAD3115_GP/Info.plist;
				LD_RUNPATH_SEARCH_PATHS = (
					"$(inherited)",
					"@executable_path/Frameworks",
				);
				PRODUCT_BUNDLE_IDENTIFIER = "sandyapp.GroupD-MAD3115-GP";
				PRODUCT_NAME = "$(TARGET_NAME)";
				SWIFT_VERSION = 4.2;
				TARGETED_DEVICE_FAMILY = "1,2";
			};
			name = Debug;
		};
		EB022F4823824D47001F34AB /* Release */ = {
			isa = XCBuildConfiguration;
			buildSettings = {
				ASSETCATALOG_COMPILER_APPICON_NAME = AppIcon;
				CODE_SIGN_STYLE = Automatic;
				DEVELOPMENT_TEAM = 2CXF6A3LCD;
				INFOPLIST_FILE = GroupD_MAD3115_GP/Info.plist;
				LD_RUNPATH_SEARCH_PATHS = (
					"$(inherited)",
					"@executable_path/Frameworks",
				);
				PRODUCT_BUNDLE_IDENTIFIER = "sandyapp.GroupD-MAD3115-GP";
				PRODUCT_NAME = "$(TARGET_NAME)";
				SWIFT_VERSION = 4.2;
				TARGETED_DEVICE_FAMILY = "1,2";
			};
			name = Release;
		};
/* End XCBuildConfiguration section */

/* Begin XCConfigurationList section */
		EB022F2F23824D2E001F34AB /* Build configuration list for PBXProject "GroupD_MAD3115_GP" */ = {
			isa = XCConfigurationList;
			buildConfigurations = (
				EB022F4423824D47001F34AB /* Debug */,
				EB022F4523824D47001F34AB /* Release */,
			);
			defaultConfigurationIsVisible = 0;
			defaultConfigurationName = Release;
		};
		EB022F4623824D47001F34AB /* Build configuration list for PBXNativeTarget "GroupD_MAD3115_GP" */ = {
			isa = XCConfigurationList;
			buildConfigurations = (
				EB022F4723824D47001F34AB /* Debug */,
				EB022F4823824D47001F34AB /* Release */,
			);
			defaultConfigurationIsVisible = 0;
			defaultConfigurationName = Release;
		};
/* End XCConfigurationList section */
	};
	rootObject = EB022F2C23824D2E001F34AB /* Project object */;
}
